
Microsoft Visual Studio Solution File, Format Version 12.00
# Visual Studio Version 17
VisualStudioVersion = 17.3.32901.215
MinimumVisualStudioVersion = 10.0.40219.1
Project("{FAE04EC0-301F-11D3-BF4B-00C04F79EFBC}") = "OnDeathReplay.WPF", "OnDeathReplay.WPF.csproj", "{1F2B28B3-26E5-4DD0-A829-6C8801D216D5}"
EndProject
Global
	GlobalSection(SolutionConfigurationPlatforms) = preSolution
		Debug|Any CPU = Debug|Any CPU
		Release|Any CPU = Release|Any CPU
	EndGlobalSection
	GlobalSection(ProjectConfigurationPlatforms) = postSolution
		{1F2B28B3-26E5-4DD0-A829-6C8801D216D5}.Debug|Any CPU.ActiveCfg = Debug|Any CPU
		{1F2B28B3-26E5-4DD0-A829-6C8801D216D5}.Debug|Any CPU.Build.0 = Debug|Any CPU
		{1F2B28B3-26E5-4DD0-A829-6C8801D216D5}.Release|Any CPU.ActiveCfg = Release|Any CPU
		{1F2B28B3-26E5-4DD0-A829-6C8801D216D5}.Release|Any CPU.Build.0 = Release|Any CPU
	EndGlobalSection
	GlobalSection(SolutionProperties) = preSolution
		HideSolutionNode = FALSE
	EndGlobalSection
	GlobalSection(ExtensibilityGlobals) = postSolution
		SolutionGuid = {E5073684-297F-4ABD-B2FC-90ED27D13B90}
	EndGlobalSection
EndGlobal
